
Microsoft Visual Studio Solution File, Format Version 12.00
# Visual Studio 15
VisualStudioVersion = 15.0.28307.1062
MinimumVisualStudioVersion = 10.0.40219.1
Project("{FAE04EC0-301F-11D3-BF4B-00C04F79EFBC}") = "HomeWork11", "HomeWork11\HomeWork11.csproj", "{A51FAB1D-A9D5-4B1B-963B-F248EFCD2AB7}"
EndProject
Global
	GlobalSection(SolutionConfigurationPlatforms) = preSolution
		Debug|Any CPU = Debug|Any CPU
		Release|Any CPU = Release|Any CPU
	EndGlobalSection
	GlobalSection(ProjectConfigurationPlatforms) = postSolution
		{A51FAB1D-A9D5-4B1B-963B-F248EFCD2AB7}.Debug|Any CPU.ActiveCfg = Debug|Any CPU
		{A51FAB1D-A9D5-4B1B-963B-F248EFCD2AB7}.Debug|Any CPU.Build.0 = Debug|Any CPU
		{A51FAB1D-A9D5-4B1B-963B-F248EFCD2AB7}.Release|Any CPU.ActiveCfg = Release|Any CPU
		{A51FAB1D-A9D5-4B1B-963B-F248EFCD2AB7}.Release|Any CPU.Build.0 = Release|Any CPU
	EndGlobalSection
	GlobalSection(SolutionProperties) = preSolution
		HideSolutionNode = FALSE
	EndGlobalSection
	GlobalSection(ExtensibilityGlobals) = postSolution
		SolutionGuid = {0B1C6E8F-4EFA-4319-A309-397B666E964D}
	EndGlobalSection
EndGlobal
