
Microsoft Visual Studio Solution File, Format Version 12.00
# Visual Studio 15
VisualStudioVersion = 15.0.28307.1062
MinimumVisualStudioVersion = 10.0.40219.1
Project("{FAE04EC0-301F-11D3-BF4B-00C04F79EFBC}") = "HomeWork5", "HomeWork5\HomeWork5.csproj", "{B593C47C-F8C9-4655-9CB7-379D840875B9}"
EndProject
Global
	GlobalSection(SolutionConfigurationPlatforms) = preSolution
		Debug|Any CPU = Debug|Any CPU
		Release|Any CPU = Release|Any CPU
	EndGlobalSection
	GlobalSection(ProjectConfigurationPlatforms) = postSolution
		{B593C47C-F8C9-4655-9CB7-379D840875B9}.Debug|Any CPU.ActiveCfg = Debug|Any CPU
		{B593C47C-F8C9-4655-9CB7-379D840875B9}.Debug|Any CPU.Build.0 = Debug|Any CPU
		{B593C47C-F8C9-4655-9CB7-379D840875B9}.Release|Any CPU.ActiveCfg = Release|Any CPU
		{B593C47C-F8C9-4655-9CB7-379D840875B9}.Release|Any CPU.Build.0 = Release|Any CPU
	EndGlobalSection
	GlobalSection(SolutionProperties) = preSolution
		HideSolutionNode = FALSE
	EndGlobalSection
	GlobalSection(ExtensibilityGlobals) = postSolution
		SolutionGuid = {001CE88D-99FB-4E8F-9A52-054F6791DD7C}
	EndGlobalSection
EndGlobal
